{
  "name": "@telenet/wink-ng",
  "version": "0.0.1",
  "lockfileVersion": 3,
  "requires": true,
  "packages": {
    "": {
      "name": "@telenet/wink-ng",
      "version": "0.0.1",
      "dependencies": {
        "tslib": "^2.3.0"
      },
      "peerDependencies": {
        "@angular/common": "^17.1.0 || ^18.0.0",
        "@angular/core": "^17.1.0 || ^18.0.0",
        "@telenet/wink-core": "^1.0.0"
      }
    },
    "node_modules/@angular/common": {
      "version": "17.3.4",
      "license": "MIT",
      "peer": true,
      "dependencies": {
        "tslib": "^2.3.0"
      },
      "engines": {
        "node": "^18.13.0 || >=20.9.0"
      },
      "peerDependencies": {
        "@angular/core": "17.3.4",
        "rxjs": "^6.5.3 || ^7.4.0"
      }
    },
    "node_modules/@angular/core": {
      "version": "17.3.4",
      "license": "MIT",
      "peer": true,
      "dependencies": {
        "tslib": "^2.3.0"
      },
      "engines": {
        "node": "^18.13.0 || >=20.9.0"
      },
      "peerDependencies": {
        "rxjs": "^6.5.3 || ^7.4.0",
        "zone.js": "~0.14.0"
      }
    },
    "node_modules/@stencil/core": {
      "version": "4.18.0",
      "resolved": "https://artifact-repo.rel.apps.telenet.be/repository/eDev_NPM_Releases/@stencil/core/-/core-4.18.0.tgz",
      "integrity": "sha512-cN+nvjy0L8KyYq7N1bmswN/AcBustFlsAxfyPQ+fd3m98lPo53jNKIxKve1ZQ4ZmzSzYO7alDhZvjIesM0rl7w==",
      "license": "MIT",
      "peer": true,
      "bin": {
        "stencil": "bin/stencil"
      },
      "engines": {
        "node": ">=16.0.0",
        "npm": ">=7.10.0"
      }
    },
    "node_modules/@telenet/wink-core": {
      "version": "1.2.0",
      "resolved": "https://artifact-repo.rel.apps.telenet.be/repository/eDev_NPM_Releases/@telenet/wink-core/-/wink-core-1.2.0.tgz",
      "integrity": "sha512-bxG1soNUi3X0rJax/l6VeeJhiCjWi94a3eEI6dnw876K2S4uP6+KH+ibBtObh/viEEZs3TjMsPr31Pk80i1eXQ==",
      "peer": true,
      "dependencies": {
        "@stencil/core": "4.18.0"
      }
    },
    "node_modules/rxjs": {
      "version": "7.8.1",
      "license": "Apache-2.0",
      "peer": true,
      "dependencies": {
        "tslib": "^2.1.0"
      }
    },
    "node_modules/tslib": {
      "version": "2.6.2",
      "license": "0BSD"
    },
    "node_modules/zone.js": {
      "version": "0.14.4",
      "license": "MIT",
      "peer": true,
      "dependencies": {
        "tslib": "^2.3.0"
      }
    }
  }
}
